
Microsoft Visual Studio Solution File, Format Version 12.00
# Visual Studio Version 17
VisualStudioVersion = 17.3.32929.385
MinimumVisualStudioVersion = 10.0.40219.1
Project("{FAE04EC0-301F-11D3-BF4B-00C04F79EFBC}") = "Loggin", "Loggin\Loggin.csproj", "{488C5185-A161-4EC8-BF85-D8CDED8295E3}"
EndProject
Global
	GlobalSection(SolutionConfigurationPlatforms) = preSolution
		Debug|Any CPU = Debug|Any CPU
		Release|Any CPU = Release|Any CPU
	EndGlobalSection
	GlobalSection(ProjectConfigurationPlatforms) = postSolution
		{488C5185-A161-4EC8-BF85-D8CDED8295E3}.Debug|Any CPU.ActiveCfg = Debug|Any CPU
		{488C5185-A161-4EC8-BF85-D8CDED8295E3}.Debug|Any CPU.Build.0 = Debug|Any CPU
		{488C5185-A161-4EC8-BF85-D8CDED8295E3}.Release|Any CPU.ActiveCfg = Release|Any CPU
		{488C5185-A161-4EC8-BF85-D8CDED8295E3}.Release|Any CPU.Build.0 = Release|Any CPU
	EndGlobalSection
	GlobalSection(SolutionProperties) = preSolution
		HideSolutionNode = FALSE
	EndGlobalSection
	GlobalSection(ExtensibilityGlobals) = postSolution
		SolutionGuid = {9BF26C07-C4C9-401A-907C-5025739802A8}
	EndGlobalSection
EndGlobal
